
Microsoft Visual Studio Solution File, Format Version 12.00
# Visual Studio Version 16
VisualStudioVersion = 16.0.30225.117
MinimumVisualStudioVersion = 10.0.40219.1
Project("{2150E333-8FDC-42A3-9474-1A3956D46DE8}") = "BLL", "BLL", "{93F0D49D-4317-4D08-8626-9B0E9F870FDD}"
EndProject
Project("{2150E333-8FDC-42A3-9474-1A3956D46DE8}") = "DAL", "DAL", "{D4635B42-7840-4173-9E41-03D9EE0811DE}"
EndProject
Project("{2150E333-8FDC-42A3-9474-1A3956D46DE8}") = "PL", "PL", "{B18BC87B-9223-4912-9C26-FDDF7B86B364}"
EndProject
Project("{2150E333-8FDC-42A3-9474-1A3956D46DE8}") = "Entities", "Entities", "{B14ABAEB-DB6D-4B65-9DA2-18794ABDA852}"
EndProject
Project("{2150E333-8FDC-42A3-9474-1A3956D46DE8}") = "Common", "Common", "{6340C4C0-EA6A-41BC-BB72-ACCFF854F23D}"
EndProject
Project("{FAE04EC0-301F-11D3-BF4B-00C04F79EFBC}") = "SSU.Stock.BLL", "SSU.Stock.BLL\SSU.Stock.BLL.csproj", "{C2568360-BEA9-425B-BF35-5A77F9B601CA}"
EndProject
Project("{FAE04EC0-301F-11D3-BF4B-00C04F79EFBC}") = "SSU.Stock.BLL.Interface", "SSU.Stock.BLL.Interface\SSU.Stock.BLL.Interface.csproj", "{6B4CF9AE-FF34-4576-87D6-2EE6CCD45B8D}"
EndProject
Project("{FAE04EC0-301F-11D3-BF4B-00C04F79EFBC}") = "SSU.Stock.DAL", "SSU.Stock.DAL\SSU.Stock.DAL.csproj", "{4D683528-874C-4466-913B-2F31B5038F40}"
EndProject
Project("{FAE04EC0-301F-11D3-BF4B-00C04F79EFBC}") = "SSU.Stock.DAL.Interface", "SSu.Stock.DAL.Interface\SSU.Stock.DAL.Interface.csproj", "{43064DFD-5450-4737-AB24-40204A908568}"
EndProject
Project("{FAE04EC0-301F-11D3-BF4B-00C04F79EFBC}") = "SSU.Stock.Entities", "SSU.Stock.Entities\SSU.Stock.Entities.csproj", "{F5D80ACA-5A94-4C1F-8319-0BC36606C475}"
EndProject
Project("{FAE04EC0-301F-11D3-BF4B-00C04F79EFBC}") = "SSU.Stock.Dependency", "SSU.Stock.Dependency\SSU.Stock.Dependency.csproj", "{95CD3AC1-068C-4C51-B7E8-1AE33E662D9F}"
EndProject
Project("{FAE04EC0-301F-11D3-BF4B-00C04F79EFBC}") = "SSU.Stock.ConsolePL", "SSU.Stock.ConsolePL\SSU.Stock.ConsolePL.csproj", "{38C91440-FCD3-4DB0-B554-607287CE82F0}"
EndProject
Global
	GlobalSection(SolutionConfigurationPlatforms) = preSolution
		Debug|Any CPU = Debug|Any CPU
		Release|Any CPU = Release|Any CPU
	EndGlobalSection
	GlobalSection(ProjectConfigurationPlatforms) = postSolution
		{C2568360-BEA9-425B-BF35-5A77F9B601CA}.Debug|Any CPU.ActiveCfg = Debug|Any CPU
		{C2568360-BEA9-425B-BF35-5A77F9B601CA}.Debug|Any CPU.Build.0 = Debug|Any CPU
		{C2568360-BEA9-425B-BF35-5A77F9B601CA}.Release|Any CPU.ActiveCfg = Release|Any CPU
		{C2568360-BEA9-425B-BF35-5A77F9B601CA}.Release|Any CPU.Build.0 = Release|Any CPU
		{6B4CF9AE-FF34-4576-87D6-2EE6CCD45B8D}.Debug|Any CPU.ActiveCfg = Debug|Any CPU
		{6B4CF9AE-FF34-4576-87D6-2EE6CCD45B8D}.Debug|Any CPU.Build.0 = Debug|Any CPU
		{6B4CF9AE-FF34-4576-87D6-2EE6CCD45B8D}.Release|Any CPU.ActiveCfg = Release|Any CPU
		{6B4CF9AE-FF34-4576-87D6-2EE6CCD45B8D}.Release|Any CPU.Build.0 = Release|Any CPU
		{4D683528-874C-4466-913B-2F31B5038F40}.Debug|Any CPU.ActiveCfg = Debug|Any CPU
		{4D683528-874C-4466-913B-2F31B5038F40}.Debug|Any CPU.Build.0 = Debug|Any CPU
		{4D683528-874C-4466-913B-2F31B5038F40}.Release|Any CPU.ActiveCfg = Release|Any CPU
		{4D683528-874C-4466-913B-2F31B5038F40}.Release|Any CPU.Build.0 = Release|Any CPU
		{43064DFD-5450-4737-AB24-40204A908568}.Debug|Any CPU.ActiveCfg = Debug|Any CPU
		{43064DFD-5450-4737-AB24-40204A908568}.Debug|Any CPU.Build.0 = Debug|Any CPU
		{43064DFD-5450-4737-AB24-40204A908568}.Release|Any CPU.ActiveCfg = Release|Any CPU
		{43064DFD-5450-4737-AB24-40204A908568}.Release|Any CPU.Build.0 = Release|Any CPU
		{F5D80ACA-5A94-4C1F-8319-0BC36606C475}.Debug|Any CPU.ActiveCfg = Debug|Any CPU
		{F5D80ACA-5A94-4C1F-8319-0BC36606C475}.Debug|Any CPU.Build.0 = Debug|Any CPU
		{F5D80ACA-5A94-4C1F-8319-0BC36606C475}.Release|Any CPU.ActiveCfg = Release|Any CPU
		{F5D80ACA-5A94-4C1F-8319-0BC36606C475}.Release|Any CPU.Build.0 = Release|Any CPU
		{95CD3AC1-068C-4C51-B7E8-1AE33E662D9F}.Debug|Any CPU.ActiveCfg = Debug|Any CPU
		{95CD3AC1-068C-4C51-B7E8-1AE33E662D9F}.Debug|Any CPU.Build.0 = Debug|Any CPU
		{95CD3AC1-068C-4C51-B7E8-1AE33E662D9F}.Release|Any CPU.ActiveCfg = Release|Any CPU
		{95CD3AC1-068C-4C51-B7E8-1AE33E662D9F}.Release|Any CPU.Build.0 = Release|Any CPU
		{38C91440-FCD3-4DB0-B554-607287CE82F0}.Debug|Any CPU.ActiveCfg = Debug|Any CPU
		{38C91440-FCD3-4DB0-B554-607287CE82F0}.Debug|Any CPU.Build.0 = Debug|Any CPU
		{38C91440-FCD3-4DB0-B554-607287CE82F0}.Release|Any CPU.ActiveCfg = Release|Any CPU
		{38C91440-FCD3-4DB0-B554-607287CE82F0}.Release|Any CPU.Build.0 = Release|Any CPU
	EndGlobalSection
	GlobalSection(SolutionProperties) = preSolution
		HideSolutionNode = FALSE
	EndGlobalSection
	GlobalSection(NestedProjects) = preSolution
		{C2568360-BEA9-425B-BF35-5A77F9B601CA} = {93F0D49D-4317-4D08-8626-9B0E9F870FDD}
		{6B4CF9AE-FF34-4576-87D6-2EE6CCD45B8D} = {93F0D49D-4317-4D08-8626-9B0E9F870FDD}
		{4D683528-874C-4466-913B-2F31B5038F40} = {D4635B42-7840-4173-9E41-03D9EE0811DE}
		{43064DFD-5450-4737-AB24-40204A908568} = {D4635B42-7840-4173-9E41-03D9EE0811DE}
		{F5D80ACA-5A94-4C1F-8319-0BC36606C475} = {B14ABAEB-DB6D-4B65-9DA2-18794ABDA852}
		{95CD3AC1-068C-4C51-B7E8-1AE33E662D9F} = {6340C4C0-EA6A-41BC-BB72-ACCFF854F23D}
		{38C91440-FCD3-4DB0-B554-607287CE82F0} = {B18BC87B-9223-4912-9C26-FDDF7B86B364}
	EndGlobalSection
	GlobalSection(ExtensibilityGlobals) = postSolution
		SolutionGuid = {4C018C2C-B13F-4574-85CC-8CE1C5FA3713}
	EndGlobalSection
EndGlobal
